
Microsoft Visual Studio Solution File, Format Version 12.00
# Visual Studio Version 17
VisualStudioVersion = 17.9.34714.143
MinimumVisualStudioVersion = 10.0.40219.1
Project("{FAE04EC0-301F-11D3-BF4B-00C04F79EFBC}") = "API_BancAtlan_EstadoCuenta", "API_BancAtlan_EstadoCuenta.csproj", "{5617D74A-08F0-4E28-AEAF-3334C76132D2}"
EndProject
Global
	GlobalSection(SolutionConfigurationPlatforms) = preSolution
		Debug|Any CPU = Debug|Any CPU
		Release|Any CPU = Release|Any CPU
	EndGlobalSection
	GlobalSection(ProjectConfigurationPlatforms) = postSolution
		{5617D74A-08F0-4E28-AEAF-3334C76132D2}.Debug|Any CPU.ActiveCfg = Debug|Any CPU
		{5617D74A-08F0-4E28-AEAF-3334C76132D2}.Debug|Any CPU.Build.0 = Debug|Any CPU
		{5617D74A-08F0-4E28-AEAF-3334C76132D2}.Release|Any CPU.ActiveCfg = Release|Any CPU
		{5617D74A-08F0-4E28-AEAF-3334C76132D2}.Release|Any CPU.Build.0 = Release|Any CPU
	EndGlobalSection
	GlobalSection(SolutionProperties) = preSolution
		HideSolutionNode = FALSE
	EndGlobalSection
	GlobalSection(ExtensibilityGlobals) = postSolution
		SolutionGuid = {C99DEA27-9A70-4557-B635-33E68D556180}
	EndGlobalSection
EndGlobal
